
Microsoft Visual Studio Solution File, Format Version 12.00
# Visual Studio Version 17
VisualStudioVersion = 17.6.33801.468
MinimumVisualStudioVersion = 10.0.40219.1
Project("{2150E333-8FDC-42A3-9474-1A3956D46DE8}") = "Task0", "Task0", "{A7C27A28-1922-4938-83D6-77BA2AC07D19}"
EndProject
Project("{FAE04EC0-301F-11D3-BF4B-00C04F79EFBC}") = "Tyuiu.FalinGS.Sprint5.Task0.V6", "Tyuiu.FalinGS.Sprint5.Task0.V6\Tyuiu.FalinGS.Sprint5.Task0.V6.csproj", "{BE6B8183-24D2-43CE-B091-1E6699232815}"
EndProject
Project("{FAE04EC0-301F-11D3-BF4B-00C04F79EFBC}") = "Tyuiu.FalinGS.Sprint5.Task0.V6.Lib", "Tyuiu.FalinGS.Sprint5.Task0.V6.Lib\Tyuiu.FalinGS.Sprint5.Task0.V6.Lib.csproj", "{E2CDE880-2350-4E14-BA86-6CDFBAEF3637}"
EndProject
Project("{FAE04EC0-301F-11D3-BF4B-00C04F79EFBC}") = "Tyuiu.FalinGS.Sprint5.Task0.V6.Test", "Tyuiu.FalinGS.Sprint5.Task0.V6.Test\Tyuiu.FalinGS.Sprint5.Task0.V6.Test.csproj", "{904D2DE6-2A33-41A8-A16B-B3BEEEE67AFD}"
EndProject
Project("{2150E333-8FDC-42A3-9474-1A3956D46DE8}") = "Task1", "Task1", "{2985FAB9-F5DF-4EB4-AD37-E9D86B0AA399}"
EndProject
Project("{FAE04EC0-301F-11D3-BF4B-00C04F79EFBC}") = "Tyuiu.FalinGS.Sprint5.Task1.V7", "Tyuiu.FalinGS.Sprint5.Task1.V7\Tyuiu.FalinGS.Sprint5.Task1.V7.csproj", "{35C5DA75-70AD-4FC5-8554-918101C06181}"
EndProject
Project("{FAE04EC0-301F-11D3-BF4B-00C04F79EFBC}") = "Tyuiu.FalinGS.Sprint5.Task1.V7.Lib", "Tyuiu.FalinGS.Sprint5.Task1.V7.Lib\Tyuiu.FalinGS.Sprint5.Task1.V7.Lib.csproj", "{5DCF6594-0020-48B3-84C5-44054E008109}"
EndProject
Project("{FAE04EC0-301F-11D3-BF4B-00C04F79EFBC}") = "Tyuiu.FalinGS.Sprint5.Task1.V7.Test", "Tyuiu.FalinGS.Sprint5.Task1.V7.Test\Tyuiu.FalinGS.Sprint5.Task1.V7.Test.csproj", "{482016BD-8A81-4247-A3FB-5C5C2DA78A20}"
EndProject
Project("{2150E333-8FDC-42A3-9474-1A3956D46DE8}") = "Task2", "Task2", "{9B42B1B7-2996-4553-8310-FD2BB0AF0C67}"
EndProject
Project("{2150E333-8FDC-42A3-9474-1A3956D46DE8}") = "Task4", "Task4", "{4E3A1896-AFC8-44CD-B5A7-3820DFF192A9}"
EndProject
Project("{FAE04EC0-301F-11D3-BF4B-00C04F79EFBC}") = "Tyuiu.FalinGS.Sprint5.Task4.V11", "Tyuiu.FalinGS.Sprint5.Task4.V11\Tyuiu.FalinGS.Sprint5.Task4.V11.csproj", "{775C85D5-FA61-47F8-8406-5B0919A69FC4}"
EndProject
Project("{FAE04EC0-301F-11D3-BF4B-00C04F79EFBC}") = "Tyuiu.FalinGS.Sprint5.Task4.V11.Test", "Tyuiu.FalinGS.Sprint5.Task4.V11.Test\Tyuiu.FalinGS.Sprint5.Task4.V11.Test.csproj", "{624736CA-4F64-44F5-86AA-268FAE12687C}"
EndProject
Project("{FAE04EC0-301F-11D3-BF4B-00C04F79EFBC}") = "Tyuiu.FalinGS.Sprint5.Task4.V11.Lib", "Tyuiu.FalinGS.Sprint5.Task4.V11.Lib\Tyuiu.FalinGS.Sprint5.Task4.V11.Lib.csproj", "{43391008-CE2F-4AED-919D-66227FDF261F}"
EndProject
Project("{2150E333-8FDC-42A3-9474-1A3956D46DE8}") = "Task5", "Task5", "{5CEFF3E2-49D3-49C7-B0F1-5B5205D7534A}"
EndProject
Project("{2150E333-8FDC-42A3-9474-1A3956D46DE8}") = "Task6", "Task6", "{AA74D9E2-4EEF-44B7-B7AE-31B8158783A7}"
EndProject
Project("{FAE04EC0-301F-11D3-BF4B-00C04F79EFBC}") = "Tyuiu.FalinGS.Sprint5.Task6.V2", "Tyuiu.FalinGS.Sprint5.Task6.V2\Tyuiu.FalinGS.Sprint5.Task6.V2.csproj", "{B607CFBC-F114-408B-AB71-9A56F30A1509}"
EndProject
Project("{FAE04EC0-301F-11D3-BF4B-00C04F79EFBC}") = "Tyuiu.FalinGS.Sprint5.Task6.V2.Lib", "Tyuiu.FalinGS.Sprint5.Task6.V2.Lib\Tyuiu.FalinGS.Sprint5.Task6.V2.Lib.csproj", "{E4F4386F-2C1B-4975-A8C1-AEF435495229}"
EndProject
Project("{FAE04EC0-301F-11D3-BF4B-00C04F79EFBC}") = "Tyuiu.FalinGS.Sprint5.Task6.V2.Test", "Tyuiu.FalinGS.Sprint5.Task6.V2.Test\Tyuiu.FalinGS.Sprint5.Task6.V2.Test.csproj", "{2F54CFA6-7A10-4B90-9401-F20E3929CCAD}"
EndProject
Project("{2150E333-8FDC-42A3-9474-1A3956D46DE8}") = "Task7", "Task7", "{843C9EFB-3325-44B6-93B7-F508B441008A}"
EndProject
Project("{FAE04EC0-301F-11D3-BF4B-00C04F79EFBC}") = "Tyuiu.FalinGS.Sprint5.Task7.V8", "Tyuiu.FalinGS.Sprint5.Task7.V8\Tyuiu.FalinGS.Sprint5.Task7.V8.csproj", "{C519C574-31BF-452C-B594-B99DE8D99193}"
EndProject
Project("{FAE04EC0-301F-11D3-BF4B-00C04F79EFBC}") = "Tyuiu.FalinGS.Sprint5.Task7.V8.Lib", "Tyuiu.FalinGS.Sprint5.Task7.V8.Lib\Tyuiu.FalinGS.Sprint5.Task7.V8.Lib.csproj", "{C1F5144D-CCA4-40DF-B5DD-6EF95A12D32C}"
EndProject
Project("{FAE04EC0-301F-11D3-BF4B-00C04F79EFBC}") = "Tyuiu.FalinGS.Sprint5.Task7.V8.Test", "Tyuiu.FalinGS.Sprint5.Task7.V8.Test\Tyuiu.FalinGS.Sprint5.Task7.V8.Test.csproj", "{A4792CE0-B47B-4565-88FD-135E798AF588}"
EndProject
Project("{2150E333-8FDC-42A3-9474-1A3956D46DE8}") = "Task3", "Task3", "{97CB2B99-09CA-4F12-B070-8D4ED795D625}"
EndProject
Project("{FAE04EC0-301F-11D3-BF4B-00C04F79EFBC}") = "Tyuiu.FalinGS.Sprint5.Task2.V15", "Tyuiu.FalinGS.Sprint5.Task2.V15\Tyuiu.FalinGS.Sprint5.Task2.V15.csproj", "{D0360E7B-3BCE-413C-84C8-DEE72B006DE8}"
EndProject
Project("{FAE04EC0-301F-11D3-BF4B-00C04F79EFBC}") = "Tyuiu.FalinGS.Sprint5.Task2.V15.Test", "Tyuiu.FalinGS.Sprint5.Task2.V15.Test\Tyuiu.FalinGS.Sprint5.Task2.V15.Test.csproj", "{1A5A22D4-7DC1-4E91-96D2-744F3D1C94BF}"
EndProject
Project("{FAE04EC0-301F-11D3-BF4B-00C04F79EFBC}") = "Tyuiu.FalinGS.Sprint5.Task2.V15.Lib", "Tyuiu.FalinGS.Sprint5.Task2.V15.Lib\Tyuiu.FalinGS.Sprint5.Task2.V15.Lib.csproj", "{FC96927A-1593-4837-B4FB-B0CDF166A108}"
EndProject
Global
	GlobalSection(SolutionConfigurationPlatforms) = preSolution
		Debug|Any CPU = Debug|Any CPU
		Release|Any CPU = Release|Any CPU
	EndGlobalSection
	GlobalSection(ProjectConfigurationPlatforms) = postSolution
		{BE6B8183-24D2-43CE-B091-1E6699232815}.Debug|Any CPU.ActiveCfg = Debug|Any CPU
		{BE6B8183-24D2-43CE-B091-1E6699232815}.Debug|Any CPU.Build.0 = Debug|Any CPU
		{BE6B8183-24D2-43CE-B091-1E6699232815}.Release|Any CPU.ActiveCfg = Release|Any CPU
		{BE6B8183-24D2-43CE-B091-1E6699232815}.Release|Any CPU.Build.0 = Release|Any CPU
		{E2CDE880-2350-4E14-BA86-6CDFBAEF3637}.Debug|Any CPU.ActiveCfg = Debug|Any CPU
		{E2CDE880-2350-4E14-BA86-6CDFBAEF3637}.Debug|Any CPU.Build.0 = Debug|Any CPU
		{E2CDE880-2350-4E14-BA86-6CDFBAEF3637}.Release|Any CPU.ActiveCfg = Release|Any CPU
		{E2CDE880-2350-4E14-BA86-6CDFBAEF3637}.Release|Any CPU.Build.0 = Release|Any CPU
		{904D2DE6-2A33-41A8-A16B-B3BEEEE67AFD}.Debug|Any CPU.ActiveCfg = Debug|Any CPU
		{904D2DE6-2A33-41A8-A16B-B3BEEEE67AFD}.Debug|Any CPU.Build.0 = Debug|Any CPU
		{904D2DE6-2A33-41A8-A16B-B3BEEEE67AFD}.Release|Any CPU.ActiveCfg = Release|Any CPU
		{904D2DE6-2A33-41A8-A16B-B3BEEEE67AFD}.Release|Any CPU.Build.0 = Release|Any CPU
		{35C5DA75-70AD-4FC5-8554-918101C06181}.Debug|Any CPU.ActiveCfg = Debug|Any CPU
		{35C5DA75-70AD-4FC5-8554-918101C06181}.Debug|Any CPU.Build.0 = Debug|Any CPU
		{35C5DA75-70AD-4FC5-8554-918101C06181}.Release|Any CPU.ActiveCfg = Release|Any CPU
		{35C5DA75-70AD-4FC5-8554-918101C06181}.Release|Any CPU.Build.0 = Release|Any CPU
		{5DCF6594-0020-48B3-84C5-44054E008109}.Debug|Any CPU.ActiveCfg = Debug|Any CPU
		{5DCF6594-0020-48B3-84C5-44054E008109}.Debug|Any CPU.Build.0 = Debug|Any CPU
		{5DCF6594-0020-48B3-84C5-44054E008109}.Release|Any CPU.ActiveCfg = Release|Any CPU
		{5DCF6594-0020-48B3-84C5-44054E008109}.Release|Any CPU.Build.0 = Release|Any CPU
		{482016BD-8A81-4247-A3FB-5C5C2DA78A20}.Debug|Any CPU.ActiveCfg = Debug|Any CPU
		{482016BD-8A81-4247-A3FB-5C5C2DA78A20}.Debug|Any CPU.Build.0 = Debug|Any CPU
		{482016BD-8A81-4247-A3FB-5C5C2DA78A20}.Release|Any CPU.ActiveCfg = Release|Any CPU
		{482016BD-8A81-4247-A3FB-5C5C2DA78A20}.Release|Any CPU.Build.0 = Release|Any CPU
		{775C85D5-FA61-47F8-8406-5B0919A69FC4}.Debug|Any CPU.ActiveCfg = Debug|Any CPU
		{775C85D5-FA61-47F8-8406-5B0919A69FC4}.Debug|Any CPU.Build.0 = Debug|Any CPU
		{775C85D5-FA61-47F8-8406-5B0919A69FC4}.Release|Any CPU.ActiveCfg = Release|Any CPU
		{775C85D5-FA61-47F8-8406-5B0919A69FC4}.Release|Any CPU.Build.0 = Release|Any CPU
		{624736CA-4F64-44F5-86AA-268FAE12687C}.Debug|Any CPU.ActiveCfg = Debug|Any CPU
		{624736CA-4F64-44F5-86AA-268FAE12687C}.Debug|Any CPU.Build.0 = Debug|Any CPU
		{624736CA-4F64-44F5-86AA-268FAE12687C}.Release|Any CPU.ActiveCfg = Release|Any CPU
		{624736CA-4F64-44F5-86AA-268FAE12687C}.Release|Any CPU.Build.0 = Release|Any CPU
		{43391008-CE2F-4AED-919D-66227FDF261F}.Debug|Any CPU.ActiveCfg = Debug|Any CPU
		{43391008-CE2F-4AED-919D-66227FDF261F}.Debug|Any CPU.Build.0 = Debug|Any CPU
		{43391008-CE2F-4AED-919D-66227FDF261F}.Release|Any CPU.ActiveCfg = Release|Any CPU
		{43391008-CE2F-4AED-919D-66227FDF261F}.Release|Any CPU.Build.0 = Release|Any CPU
		{B607CFBC-F114-408B-AB71-9A56F30A1509}.Debug|Any CPU.ActiveCfg = Debug|Any CPU
		{B607CFBC-F114-408B-AB71-9A56F30A1509}.Debug|Any CPU.Build.0 = Debug|Any CPU
		{B607CFBC-F114-408B-AB71-9A56F30A1509}.Release|Any CPU.ActiveCfg = Release|Any CPU
		{B607CFBC-F114-408B-AB71-9A56F30A1509}.Release|Any CPU.Build.0 = Release|Any CPU
		{E4F4386F-2C1B-4975-A8C1-AEF435495229}.Debug|Any CPU.ActiveCfg = Debug|Any CPU
		{E4F4386F-2C1B-4975-A8C1-AEF435495229}.Debug|Any CPU.Build.0 = Debug|Any CPU
		{E4F4386F-2C1B-4975-A8C1-AEF435495229}.Release|Any CPU.ActiveCfg = Release|Any CPU
		{E4F4386F-2C1B-4975-A8C1-AEF435495229}.Release|Any CPU.Build.0 = Release|Any CPU
		{2F54CFA6-7A10-4B90-9401-F20E3929CCAD}.Debug|Any CPU.ActiveCfg = Debug|Any CPU
		{2F54CFA6-7A10-4B90-9401-F20E3929CCAD}.Debug|Any CPU.Build.0 = Debug|Any CPU
		{2F54CFA6-7A10-4B90-9401-F20E3929CCAD}.Release|Any CPU.ActiveCfg = Release|Any CPU
		{2F54CFA6-7A10-4B90-9401-F20E3929CCAD}.Release|Any CPU.Build.0 = Release|Any CPU
		{C519C574-31BF-452C-B594-B99DE8D99193}.Debug|Any CPU.ActiveCfg = Debug|Any CPU
		{C519C574-31BF-452C-B594-B99DE8D99193}.Debug|Any CPU.Build.0 = Debug|Any CPU
		{C519C574-31BF-452C-B594-B99DE8D99193}.Release|Any CPU.ActiveCfg = Release|Any CPU
		{C519C574-31BF-452C-B594-B99DE8D99193}.Release|Any CPU.Build.0 = Release|Any CPU
		{C1F5144D-CCA4-40DF-B5DD-6EF95A12D32C}.Debug|Any CPU.ActiveCfg = Debug|Any CPU
		{C1F5144D-CCA4-40DF-B5DD-6EF95A12D32C}.Debug|Any CPU.Build.0 = Debug|Any CPU
		{C1F5144D-CCA4-40DF-B5DD-6EF95A12D32C}.Release|Any CPU.ActiveCfg = Release|Any CPU
		{C1F5144D-CCA4-40DF-B5DD-6EF95A12D32C}.Release|Any CPU.Build.0 = Release|Any CPU
		{A4792CE0-B47B-4565-88FD-135E798AF588}.Debug|Any CPU.ActiveCfg = Debug|Any CPU
		{A4792CE0-B47B-4565-88FD-135E798AF588}.Debug|Any CPU.Build.0 = Debug|Any CPU
		{A4792CE0-B47B-4565-88FD-135E798AF588}.Release|Any CPU.ActiveCfg = Release|Any CPU
		{A4792CE0-B47B-4565-88FD-135E798AF588}.Release|Any CPU.Build.0 = Release|Any CPU
		{D0360E7B-3BCE-413C-84C8-DEE72B006DE8}.Debug|Any CPU.ActiveCfg = Debug|Any CPU
		{D0360E7B-3BCE-413C-84C8-DEE72B006DE8}.Debug|Any CPU.Build.0 = Debug|Any CPU
		{D0360E7B-3BCE-413C-84C8-DEE72B006DE8}.Release|Any CPU.ActiveCfg = Release|Any CPU
		{D0360E7B-3BCE-413C-84C8-DEE72B006DE8}.Release|Any CPU.Build.0 = Release|Any CPU
		{1A5A22D4-7DC1-4E91-96D2-744F3D1C94BF}.Debug|Any CPU.ActiveCfg = Debug|Any CPU
		{1A5A22D4-7DC1-4E91-96D2-744F3D1C94BF}.Debug|Any CPU.Build.0 = Debug|Any CPU
		{1A5A22D4-7DC1-4E91-96D2-744F3D1C94BF}.Release|Any CPU.ActiveCfg = Release|Any CPU
		{1A5A22D4-7DC1-4E91-96D2-744F3D1C94BF}.Release|Any CPU.Build.0 = Release|Any CPU
		{FC96927A-1593-4837-B4FB-B0CDF166A108}.Debug|Any CPU.ActiveCfg = Debug|Any CPU
		{FC96927A-1593-4837-B4FB-B0CDF166A108}.Debug|Any CPU.Build.0 = Debug|Any CPU
		{FC96927A-1593-4837-B4FB-B0CDF166A108}.Release|Any CPU.ActiveCfg = Release|Any CPU
		{FC96927A-1593-4837-B4FB-B0CDF166A108}.Release|Any CPU.Build.0 = Release|Any CPU
	EndGlobalSection
	GlobalSection(SolutionProperties) = preSolution
		HideSolutionNode = FALSE
	EndGlobalSection
	GlobalSection(NestedProjects) = preSolution
		{BE6B8183-24D2-43CE-B091-1E6699232815} = {A7C27A28-1922-4938-83D6-77BA2AC07D19}
		{E2CDE880-2350-4E14-BA86-6CDFBAEF3637} = {A7C27A28-1922-4938-83D6-77BA2AC07D19}
		{904D2DE6-2A33-41A8-A16B-B3BEEEE67AFD} = {A7C27A28-1922-4938-83D6-77BA2AC07D19}
		{35C5DA75-70AD-4FC5-8554-918101C06181} = {2985FAB9-F5DF-4EB4-AD37-E9D86B0AA399}
		{5DCF6594-0020-48B3-84C5-44054E008109} = {2985FAB9-F5DF-4EB4-AD37-E9D86B0AA399}
		{482016BD-8A81-4247-A3FB-5C5C2DA78A20} = {2985FAB9-F5DF-4EB4-AD37-E9D86B0AA399}
		{775C85D5-FA61-47F8-8406-5B0919A69FC4} = {4E3A1896-AFC8-44CD-B5A7-3820DFF192A9}
		{624736CA-4F64-44F5-86AA-268FAE12687C} = {4E3A1896-AFC8-44CD-B5A7-3820DFF192A9}
		{43391008-CE2F-4AED-919D-66227FDF261F} = {4E3A1896-AFC8-44CD-B5A7-3820DFF192A9}
		{B607CFBC-F114-408B-AB71-9A56F30A1509} = {AA74D9E2-4EEF-44B7-B7AE-31B8158783A7}
		{E4F4386F-2C1B-4975-A8C1-AEF435495229} = {AA74D9E2-4EEF-44B7-B7AE-31B8158783A7}
		{2F54CFA6-7A10-4B90-9401-F20E3929CCAD} = {AA74D9E2-4EEF-44B7-B7AE-31B8158783A7}
		{C519C574-31BF-452C-B594-B99DE8D99193} = {843C9EFB-3325-44B6-93B7-F508B441008A}
		{C1F5144D-CCA4-40DF-B5DD-6EF95A12D32C} = {843C9EFB-3325-44B6-93B7-F508B441008A}
		{A4792CE0-B47B-4565-88FD-135E798AF588} = {843C9EFB-3325-44B6-93B7-F508B441008A}
		{D0360E7B-3BCE-413C-84C8-DEE72B006DE8} = {9B42B1B7-2996-4553-8310-FD2BB0AF0C67}
		{1A5A22D4-7DC1-4E91-96D2-744F3D1C94BF} = {9B42B1B7-2996-4553-8310-FD2BB0AF0C67}
		{FC96927A-1593-4837-B4FB-B0CDF166A108} = {9B42B1B7-2996-4553-8310-FD2BB0AF0C67}
	EndGlobalSection
	GlobalSection(ExtensibilityGlobals) = postSolution
		SolutionGuid = {D5C65D1F-3794-43D6-82B9-38A752C15C78}
	EndGlobalSection
EndGlobal
