
Microsoft Visual Studio Solution File, Format Version 12.00
# Visual Studio Version 17
VisualStudioVersion = 17.6.33801.468
MinimumVisualStudioVersion = 10.0.40219.1
Project("{2150E333-8FDC-42A3-9474-1A3956D46DE8}") = "Task0", "Task0", "{A7C27A28-1922-4938-83D6-77BA2AC07D19}"
EndProject
Project("{FAE04EC0-301F-11D3-BF4B-00C04F79EFBC}") = "Tyuiu.FalinGS.Sprint5.Task0.V6", "Tyuiu.FalinGS.Sprint5.Task0.V6\Tyuiu.FalinGS.Sprint5.Task0.V6.csproj", "{BE6B8183-24D2-43CE-B091-1E6699232815}"
EndProject
Project("{FAE04EC0-301F-11D3-BF4B-00C04F79EFBC}") = "Tyuiu.FalinGS.Sprint5.Task0.V6.Lib", "Tyuiu.FalinGS.Sprint5.Task0.V6.Lib\Tyuiu.FalinGS.Sprint5.Task0.V6.Lib.csproj", "{E2CDE880-2350-4E14-BA86-6CDFBAEF3637}"
EndProject
Project("{FAE04EC0-301F-11D3-BF4B-00C04F79EFBC}") = "Tyuiu.FalinGS.Sprint5.Task0.V6.Test", "Tyuiu.FalinGS.Sprint5.Task0.V6.Test\Tyuiu.FalinGS.Sprint5.Task0.V6.Test.csproj", "{904D2DE6-2A33-41A8-A16B-B3BEEEE67AFD}"
EndProject
Project("{2150E333-8FDC-42A3-9474-1A3956D46DE8}") = "Task1", "Task1", "{2985FAB9-F5DF-4EB4-AD37-E9D86B0AA399}"
EndProject
Project("{FAE04EC0-301F-11D3-BF4B-00C04F79EFBC}") = "Tyuiu.FalinGS.Sprint5.Task1.V7", "Tyuiu.FalinGS.Sprint5.Task1.V7\Tyuiu.FalinGS.Sprint5.Task1.V7.csproj", "{35C5DA75-70AD-4FC5-8554-918101C06181}"
EndProject
Project("{FAE04EC0-301F-11D3-BF4B-00C04F79EFBC}") = "Tyuiu.FalinGS.Sprint5.Task1.V7.Lib", "Tyuiu.FalinGS.Sprint5.Task1.V7.Lib\Tyuiu.FalinGS.Sprint5.Task1.V7.Lib.csproj", "{5DCF6594-0020-48B3-84C5-44054E008109}"
EndProject
Project("{FAE04EC0-301F-11D3-BF4B-00C04F79EFBC}") = "Tyuiu.FalinGS.Sprint5.Task1.V7.Test", "Tyuiu.FalinGS.Sprint5.Task1.V7.Test\Tyuiu.FalinGS.Sprint5.Task1.V7.Test.csproj", "{482016BD-8A81-4247-A3FB-5C5C2DA78A20}"
EndProject
Project("{2150E333-8FDC-42A3-9474-1A3956D46DE8}") = "Task2", "Task2", "{9B42B1B7-2996-4553-8310-FD2BB0AF0C67}"
EndProject
Global
	GlobalSection(SolutionConfigurationPlatforms) = preSolution
		Debug|Any CPU = Debug|Any CPU
		Release|Any CPU = Release|Any CPU
	EndGlobalSection
	GlobalSection(ProjectConfigurationPlatforms) = postSolution
		{BE6B8183-24D2-43CE-B091-1E6699232815}.Debug|Any CPU.ActiveCfg = Debug|Any CPU
		{BE6B8183-24D2-43CE-B091-1E6699232815}.Debug|Any CPU.Build.0 = Debug|Any CPU
		{BE6B8183-24D2-43CE-B091-1E6699232815}.Release|Any CPU.ActiveCfg = Release|Any CPU
		{BE6B8183-24D2-43CE-B091-1E6699232815}.Release|Any CPU.Build.0 = Release|Any CPU
		{E2CDE880-2350-4E14-BA86-6CDFBAEF3637}.Debug|Any CPU.ActiveCfg = Debug|Any CPU
		{E2CDE880-2350-4E14-BA86-6CDFBAEF3637}.Debug|Any CPU.Build.0 = Debug|Any CPU
		{E2CDE880-2350-4E14-BA86-6CDFBAEF3637}.Release|Any CPU.ActiveCfg = Release|Any CPU
		{E2CDE880-2350-4E14-BA86-6CDFBAEF3637}.Release|Any CPU.Build.0 = Release|Any CPU
		{904D2DE6-2A33-41A8-A16B-B3BEEEE67AFD}.Debug|Any CPU.ActiveCfg = Debug|Any CPU
		{904D2DE6-2A33-41A8-A16B-B3BEEEE67AFD}.Debug|Any CPU.Build.0 = Debug|Any CPU
		{904D2DE6-2A33-41A8-A16B-B3BEEEE67AFD}.Release|Any CPU.ActiveCfg = Release|Any CPU
		{904D2DE6-2A33-41A8-A16B-B3BEEEE67AFD}.Release|Any CPU.Build.0 = Release|Any CPU
		{35C5DA75-70AD-4FC5-8554-918101C06181}.Debug|Any CPU.ActiveCfg = Debug|Any CPU
		{35C5DA75-70AD-4FC5-8554-918101C06181}.Debug|Any CPU.Build.0 = Debug|Any CPU
		{35C5DA75-70AD-4FC5-8554-918101C06181}.Release|Any CPU.ActiveCfg = Release|Any CPU
		{35C5DA75-70AD-4FC5-8554-918101C06181}.Release|Any CPU.Build.0 = Release|Any CPU
		{5DCF6594-0020-48B3-84C5-44054E008109}.Debug|Any CPU.ActiveCfg = Debug|Any CPU
		{5DCF6594-0020-48B3-84C5-44054E008109}.Debug|Any CPU.Build.0 = Debug|Any CPU
		{5DCF6594-0020-48B3-84C5-44054E008109}.Release|Any CPU.ActiveCfg = Release|Any CPU
		{5DCF6594-0020-48B3-84C5-44054E008109}.Release|Any CPU.Build.0 = Release|Any CPU
		{482016BD-8A81-4247-A3FB-5C5C2DA78A20}.Debug|Any CPU.ActiveCfg = Debug|Any CPU
		{482016BD-8A81-4247-A3FB-5C5C2DA78A20}.Debug|Any CPU.Build.0 = Debug|Any CPU
		{482016BD-8A81-4247-A3FB-5C5C2DA78A20}.Release|Any CPU.ActiveCfg = Release|Any CPU
		{482016BD-8A81-4247-A3FB-5C5C2DA78A20}.Release|Any CPU.Build.0 = Release|Any CPU
	EndGlobalSection
	GlobalSection(SolutionProperties) = preSolution
		HideSolutionNode = FALSE
	EndGlobalSection
	GlobalSection(NestedProjects) = preSolution
		{BE6B8183-24D2-43CE-B091-1E6699232815} = {A7C27A28-1922-4938-83D6-77BA2AC07D19}
		{E2CDE880-2350-4E14-BA86-6CDFBAEF3637} = {A7C27A28-1922-4938-83D6-77BA2AC07D19}
		{904D2DE6-2A33-41A8-A16B-B3BEEEE67AFD} = {A7C27A28-1922-4938-83D6-77BA2AC07D19}
		{35C5DA75-70AD-4FC5-8554-918101C06181} = {2985FAB9-F5DF-4EB4-AD37-E9D86B0AA399}
		{5DCF6594-0020-48B3-84C5-44054E008109} = {2985FAB9-F5DF-4EB4-AD37-E9D86B0AA399}
		{482016BD-8A81-4247-A3FB-5C5C2DA78A20} = {2985FAB9-F5DF-4EB4-AD37-E9D86B0AA399}
	EndGlobalSection
	GlobalSection(ExtensibilityGlobals) = postSolution
		SolutionGuid = {D5C65D1F-3794-43D6-82B9-38A752C15C78}
	EndGlobalSection
EndGlobal
